
Microsoft Visual Studio Solution File, Format Version 12.00
# Visual Studio 15
VisualStudioVersion = 15.0.33026.149
MinimumVisualStudioVersion = 10.0.40219.1
Project("{FAE04EC0-301F-11D3-BF4B-00C04F79EFBC}") = "Aplicacao", "Aplicacao\Aplicacao.csproj", "{EA433AB2-B5B7-4E3E-BAF9-521F02015DA7}"
EndProject
Global
	GlobalSection(SolutionConfigurationPlatforms) = preSolution
		Debug|Any CPU = Debug|Any CPU
		Release|Any CPU = Release|Any CPU
	EndGlobalSection
	GlobalSection(ProjectConfigurationPlatforms) = postSolution
		{EA433AB2-B5B7-4E3E-BAF9-521F02015DA7}.Debug|Any CPU.ActiveCfg = Debug|Any CPU
		{EA433AB2-B5B7-4E3E-BAF9-521F02015DA7}.Debug|Any CPU.Build.0 = Debug|Any CPU
		{EA433AB2-B5B7-4E3E-BAF9-521F02015DA7}.Release|Any CPU.ActiveCfg = Release|Any CPU
		{EA433AB2-B5B7-4E3E-BAF9-521F02015DA7}.Release|Any CPU.Build.0 = Release|Any CPU
	EndGlobalSection
	GlobalSection(SolutionProperties) = preSolution
		HideSolutionNode = FALSE
	EndGlobalSection
	GlobalSection(ExtensibilityGlobals) = postSolution
		SolutionGuid = {F7A7A128-F264-412C-A6FE-7AA39818EB41}
	EndGlobalSection
EndGlobal
